
Microsoft Visual Studio Solution File, Format Version 12.00
# Visual Studio Version 17
VisualStudioVersion = 17.4.33213.308
MinimumVisualStudioVersion = 10.0.40219.1
Project("{9A19103F-16F7-4668-BE54-9A1E7A4F7556}") = "AreaCalculatorLibrary", "AreaCalculatorLibrary\AreaCalculatorLibrary.csproj", "{7DDE79C7-F257-4DB0-93AA-2F322F12DFA9}"
EndProject
Project("{FAE04EC0-301F-11D3-BF4B-00C04F79EFBC}") = "AreaCalculatorLibrary.Tests", "AreaCalculatorLibrary.Tests\AreaCalculatorLibrary.Tests.csproj", "{64AC9F96-A579-4F3C-8D00-BC087F96F26A}"
EndProject
Global
	GlobalSection(SolutionConfigurationPlatforms) = preSolution
		Debug|Any CPU = Debug|Any CPU
		Release|Any CPU = Release|Any CPU
	EndGlobalSection
	GlobalSection(ProjectConfigurationPlatforms) = postSolution
		{7DDE79C7-F257-4DB0-93AA-2F322F12DFA9}.Debug|Any CPU.ActiveCfg = Debug|Any CPU
		{7DDE79C7-F257-4DB0-93AA-2F322F12DFA9}.Debug|Any CPU.Build.0 = Debug|Any CPU
		{7DDE79C7-F257-4DB0-93AA-2F322F12DFA9}.Release|Any CPU.ActiveCfg = Release|Any CPU
		{7DDE79C7-F257-4DB0-93AA-2F322F12DFA9}.Release|Any CPU.Build.0 = Release|Any CPU
		{64AC9F96-A579-4F3C-8D00-BC087F96F26A}.Debug|Any CPU.ActiveCfg = Debug|Any CPU
		{64AC9F96-A579-4F3C-8D00-BC087F96F26A}.Debug|Any CPU.Build.0 = Debug|Any CPU
		{64AC9F96-A579-4F3C-8D00-BC087F96F26A}.Release|Any CPU.ActiveCfg = Release|Any CPU
		{64AC9F96-A579-4F3C-8D00-BC087F96F26A}.Release|Any CPU.Build.0 = Release|Any CPU
	EndGlobalSection
	GlobalSection(SolutionProperties) = preSolution
		HideSolutionNode = FALSE
	EndGlobalSection
	GlobalSection(ExtensibilityGlobals) = postSolution
		SolutionGuid = {0AAEB0F2-4411-43DF-8803-3EF73F7E2048}
	EndGlobalSection
EndGlobal
